
Microsoft Visual Studio Solution File, Format Version 12.00
# Visual Studio Version 17
VisualStudioVersion = 17.10.34928.147
MinimumVisualStudioVersion = 10.0.40219.1
Project("{9A19103F-16F7-4668-BE54-9A1E7A4F7556}") = "a_zApi", "a_zApi\a_zApi.csproj", "{890B09D1-D51B-4AED-8045-14E1CAB0A20E}"
EndProject
Project("{2150E333-8FDC-42A3-9474-1A3956D46DE8}") = "Solution Items", "Solution Items", "{BA700386-3933-4726-B922-B3B86846C0FE}"
	ProjectSection(SolutionItems) = preProject
		.editorconfig = .editorconfig
	EndProjectSection
EndProject
Global
	GlobalSection(SolutionConfigurationPlatforms) = preSolution
		Debug|Any CPU = Debug|Any CPU
		Release|Any CPU = Release|Any CPU
	EndGlobalSection
	GlobalSection(ProjectConfigurationPlatforms) = postSolution
		{890B09D1-D51B-4AED-8045-14E1CAB0A20E}.Debug|Any CPU.ActiveCfg = Debug|Any CPU
		{890B09D1-D51B-4AED-8045-14E1CAB0A20E}.Debug|Any CPU.Build.0 = Debug|Any CPU
		{890B09D1-D51B-4AED-8045-14E1CAB0A20E}.Release|Any CPU.ActiveCfg = Release|Any CPU
		{890B09D1-D51B-4AED-8045-14E1CAB0A20E}.Release|Any CPU.Build.0 = Release|Any CPU
	EndGlobalSection
	GlobalSection(SolutionProperties) = preSolution
		HideSolutionNode = FALSE
	EndGlobalSection
	GlobalSection(ExtensibilityGlobals) = postSolution
		SolutionGuid = {427BC277-5E6F-4CC3-BF2A-6D0F8DFFCB10}
	EndGlobalSection
EndGlobal
